
Microsoft Visual Studio Solution File, Format Version 12.00
# Visual Studio Express 2012 for Windows Desktop
Project("{FAE04EC0-301F-11D3-BF4B-00C04F79EFBC}") = "bitpix", "bitpix\bitpix.csproj", "{E306B75D-194A-482B-95AF-2BE15FA620BD}"
EndProject
Global
	GlobalSection(SolutionConfigurationPlatforms) = preSolution
		Debug|Any CPU = Debug|Any CPU
		Release|Any CPU = Release|Any CPU
	EndGlobalSection
	GlobalSection(ProjectConfigurationPlatforms) = postSolution
		{E306B75D-194A-482B-95AF-2BE15FA620BD}.Debug|Any CPU.ActiveCfg = Debug|Any CPU
		{E306B75D-194A-482B-95AF-2BE15FA620BD}.Debug|Any CPU.Build.0 = Debug|Any CPU
		{E306B75D-194A-482B-95AF-2BE15FA620BD}.Release|Any CPU.ActiveCfg = Release|Any CPU
		{E306B75D-194A-482B-95AF-2BE15FA620BD}.Release|Any CPU.Build.0 = Release|Any CPU
	EndGlobalSection
	GlobalSection(SolutionProperties) = preSolution
		HideSolutionNode = FALSE
	EndGlobalSection
EndGlobal
